{
  "originHash" : "b68e270edcdff9af7d6a1b317be01ef4dbb613a12fcbe969a60275c37ad4b28f",
  "pins" : [
    {
      "identity" : "gigya-swift-sdk",
      "kind" : "remoteSourceControl",
      "location" : "https://github.com/SAP/gigya-swift-sdk.git",
      "state" : {
        "revision" : "c2a0681b592f5d9b063c17df9f1fc4af7744dcf3",
        "version" : "1.7.0"
      }
    },
    {
      "identity" : "ownid-ios-sdk",
      "kind" : "remoteSourceControl",
      "location" : "https://github.com/OwnID/ownid-ios-sdk",
      "state" : {
        "revision" : "ab151a1eb55734a37983636d383496d3e38157e2",
        "version" : "3.5.0"
      }
    }
  ],
  "version" : 3
}
